
Microsoft Visual Studio Solution File, Format Version 12.00
# Visual Studio Version 17
VisualStudioVersion = 17.8.34330.188
MinimumVisualStudioVersion = 10.0.40219.1
Project("{FAE04EC0-301F-11D3-BF4B-00C04F79EFBC}") = "FPSUnlock.Redux", "FPSUnlock.Redux.csproj", "{C710C00C-41FB-466D-A78E-15BB82D78E96}"
EndProject
Global
	GlobalSection(SolutionConfigurationPlatforms) = preSolution
		Debug|Any CPU = Debug|Any CPU
		Release|Any CPU = Release|Any CPU
	EndGlobalSection
	GlobalSection(ProjectConfigurationPlatforms) = postSolution
		{C710C00C-41FB-466D-A78E-15BB82D78E96}.Debug|Any CPU.ActiveCfg = Debug|Any CPU
		{C710C00C-41FB-466D-A78E-15BB82D78E96}.Debug|Any CPU.Build.0 = Debug|Any CPU
		{C710C00C-41FB-466D-A78E-15BB82D78E96}.Release|Any CPU.ActiveCfg = Release|Any CPU
		{C710C00C-41FB-466D-A78E-15BB82D78E96}.Release|Any CPU.Build.0 = Release|Any CPU
	EndGlobalSection
	GlobalSection(SolutionProperties) = preSolution
		HideSolutionNode = FALSE
	EndGlobalSection
	GlobalSection(ExtensibilityGlobals) = postSolution
		SolutionGuid = {80228F25-00BC-4E06-B827-99246B0E0E9B}
	EndGlobalSection
EndGlobal
